// !$*UTF8*$!
{
	archiveVersion = 1;
	classes = {
	};
	objectVersion = 56;
	objects = {

/* Begin PBXBuildFile section */
		2A7221832D2535F100D7B56E /* Colors.xcassets in Resources */ = {isa = PBXBuildFile; fileRef = 2A7221822D2535F100D7B56E /* Colors.xcassets */; };
		2A7221862D25379300D7B56E /* ThemeManager.swift in Sources */ = {isa = PBXBuildFile; fileRef = 2A7221852D25379300D7B56E /* ThemeManager.swift */; };
		2A7221892D25380100D7B56E /* MainTheme.swift in Sources */ = {isa = PBXBuildFile; fileRef = 2A7221882D25380100D7B56E /* MainTheme.swift */; };
		2A72218B2D25382000D7B56E /* ThemeProtocol.swift in Sources */ = {isa = PBXBuildFile; fileRef = 2A72218A2D25382000D7B56E /* ThemeProtocol.swift */; };
		2A72218C2D25454800D7B56E /* RThemeEngineExampleApp.swift in Sources */ = {isa = PBXBuildFile; fileRef = 2A7221752D25311600D7B56E /* RThemeEngineExampleApp.swift */; };
		2A72218D2D25454A00D7B56E /* ContentView.swift in Sources */ = {isa = PBXBuildFile; fileRef = 2A7221742D25311600D7B56E /* ContentView.swift */; };
		2A7221982D33428C00D7B56E /* RThemeEngine.framework in Frameworks */ = {isa = PBXBuildFile; fileRef = 2AAD6D642D252D2E000522F8 /* RThemeEngine.framework */; };
		2A7221992D33428C00D7B56E /* RThemeEngine.framework in Embed Frameworks */ = {isa = PBXBuildFile; fileRef = 2AAD6D642D252D2E000522F8 /* RThemeEngine.framework */; settings = {ATTRIBUTES = (CodeSignOnCopy, RemoveHeadersOnCopy, ); }; };
		2A7221A12D33493E00D7B56E /* Bundle+Extension.swift in Sources */ = {isa = PBXBuildFile; fileRef = 2A72219F2D33493E00D7B56E /* Bundle+Extension.swift */; };
/* End PBXBuildFile section */

/* Begin PBXContainerItemProxy section */
		2A72219A2D33428C00D7B56E /* PBXContainerItemProxy */ = {
			isa = PBXContainerItemProxy;
			containerPortal = 2AAD6D5B2D252D2E000522F8 /* Project object */;
			proxyType = 1;
			remoteGlobalIDString = 2AAD6D632D252D2E000522F8;
			remoteInfo = RThemeEngine;
		};
/* End PBXContainerItemProxy section */

/* Begin PBXCopyFilesBuildPhase section */
		2A72219C2D33428C00D7B56E /* Embed Frameworks */ = {
			isa = PBXCopyFilesBuildPhase;
			buildActionMask = 2147483647;
			dstPath = "";
			dstSubfolderSpec = 10;
			files = (
				2A7221992D33428C00D7B56E /* RThemeEngine.framework in Embed Frameworks */,
			);
			name = "Embed Frameworks";
			runOnlyForDeploymentPostprocessing = 0;
		};
/* End PBXCopyFilesBuildPhase section */

/* Begin PBXFileReference section */
		2A7221742D25311600D7B56E /* ContentView.swift */ = {isa = PBXFileReference; fileEncoding = 4; lastKnownFileType = sourcecode.swift; path = ContentView.swift; sourceTree = "<group>"; };
		2A7221752D25311600D7B56E /* RThemeEngineExampleApp.swift */ = {isa = PBXFileReference; fileEncoding = 4; lastKnownFileType = sourcecode.swift; path = RThemeEngineExampleApp.swift; sourceTree = "<group>"; };
		2A7221822D2535F100D7B56E /* Colors.xcassets */ = {isa = PBXFileReference; lastKnownFileType = folder.assetcatalog; path = Colors.xcassets; sourceTree = "<group>"; };
		2A7221852D25379300D7B56E /* ThemeManager.swift */ = {isa = PBXFileReference; lastKnownFileType = sourcecode.swift; path = ThemeManager.swift; sourceTree = "<group>"; };
		2A7221882D25380100D7B56E /* MainTheme.swift */ = {isa = PBXFileReference; lastKnownFileType = sourcecode.swift; path = MainTheme.swift; sourceTree = "<group>"; };
		2A72218A2D25382000D7B56E /* ThemeProtocol.swift */ = {isa = PBXFileReference; lastKnownFileType = sourcecode.swift; path = ThemeProtocol.swift; sourceTree = "<group>"; };
		2A72219F2D33493E00D7B56E /* Bundle+Extension.swift */ = {isa = PBXFileReference; fileEncoding = 4; lastKnownFileType = sourcecode.swift; path = "Bundle+Extension.swift"; sourceTree = "<group>"; };
		2AAD6D642D252D2E000522F8 /* RThemeEngine.framework */ = {isa = PBXFileReference; explicitFileType = wrapper.framework; includeInIndex = 0; path = RThemeEngine.framework; sourceTree = BUILT_PRODUCTS_DIR; };
		2AAD6D7E2D2530D5000522F8 /* RThemeEngineExample.app */ = {isa = PBXFileReference; explicitFileType = wrapper.application; includeInIndex = 0; path = RThemeEngineExample.app; sourceTree = BUILT_PRODUCTS_DIR; };
/* End PBXFileReference section */

/* Begin PBXFrameworksBuildPhase section */
		2AAD6D612D252D2E000522F8 /* Frameworks */ = {
			isa = PBXFrameworksBuildPhase;
			buildActionMask = 2147483647;
			files = (
			);
			runOnlyForDeploymentPostprocessing = 0;
		};
		2AAD6D7B2D2530D5000522F8 /* Frameworks */ = {
			isa = PBXFrameworksBuildPhase;
			buildActionMask = 2147483647;
			files = (
				2A7221982D33428C00D7B56E /* RThemeEngine.framework in Frameworks */,
			);
			runOnlyForDeploymentPostprocessing = 0;
		};
/* End PBXFrameworksBuildPhase section */

/* Begin PBXGroup section */
		2A7221762D25311600D7B56E /* Example */ = {
			isa = PBXGroup;
			children = (
				2A7221752D25311600D7B56E /* RThemeEngineExampleApp.swift */,
				2A7221742D25311600D7B56E /* ContentView.swift */,
			);
			path = Example;
			sourceTree = "<group>";
		};
		2A72217F2D2535A200D7B56E /* Sources */ = {
			isa = PBXGroup;
			children = (
				2A7221852D25379300D7B56E /* ThemeManager.swift */,
				2A72218A2D25382000D7B56E /* ThemeProtocol.swift */,
				2A7221A02D33493E00D7B56E /* Utility */,
				2A7221872D2537EC00D7B56E /* Themes */,
				2A7221842D25376600D7B56E /* Resources */,
			);
			path = Sources;
			sourceTree = "<group>";
		};
		2A7221812D2535CF00D7B56E /* MainTheme */ = {
			isa = PBXGroup;
			children = (
				2A7221822D2535F100D7B56E /* Colors.xcassets */,
			);
			path = MainTheme;
			sourceTree = "<group>";
		};
		2A7221842D25376600D7B56E /* Resources */ = {
			isa = PBXGroup;
			children = (
				2A7221812D2535CF00D7B56E /* MainTheme */,
			);
			path = Resources;
			sourceTree = "<group>";
		};
		2A7221872D2537EC00D7B56E /* Themes */ = {
			isa = PBXGroup;
			children = (
				2A7221882D25380100D7B56E /* MainTheme.swift */,
			);
			path = Themes;
			sourceTree = "<group>";
		};
		2A7221972D33428C00D7B56E /* Frameworks */ = {
			isa = PBXGroup;
			children = (
			);
			name = Frameworks;
			sourceTree = "<group>";
		};
		2A7221A02D33493E00D7B56E /* Utility */ = {
			isa = PBXGroup;
			children = (
				2A72219F2D33493E00D7B56E /* Bundle+Extension.swift */,
			);
			path = Utility;
			sourceTree = "<group>";
		};
		2AAD6D5A2D252D2E000522F8 = {
			isa = PBXGroup;
			children = (
				2A7221762D25311600D7B56E /* Example */,
				2A72217F2D2535A200D7B56E /* Sources */,
				2AAD6D652D252D2E000522F8 /* Products */,
				2A7221972D33428C00D7B56E /* Frameworks */,
			);
			sourceTree = "<group>";
		};
		2AAD6D652D252D2E000522F8 /* Products */ = {
			isa = PBXGroup;
			children = (
				2AAD6D642D252D2E000522F8 /* RThemeEngine.framework */,
				2AAD6D7E2D2530D5000522F8 /* RThemeEngineExample.app */,
			);
			name = Products;
			sourceTree = "<group>";
		};
/* End PBXGroup section */

/* Begin PBXHeadersBuildPhase section */
		2AAD6D5F2D252D2E000522F8 /* Headers */ = {
			isa = PBXHeadersBuildPhase;
			buildActionMask = 2147483647;
			files = (
			);
			runOnlyForDeploymentPostprocessing = 0;
		};
/* End PBXHeadersBuildPhase section */

/* Begin PBXNativeTarget section */
		2AAD6D632D252D2E000522F8 /* RThemeEngine */ = {
			isa = PBXNativeTarget;
			buildConfigurationList = 2AAD6D6B2D252D2E000522F8 /* Build configuration list for PBXNativeTarget "RThemeEngine" */;
			buildPhases = (
				2AAD6D5F2D252D2E000522F8 /* Headers */,
				2AAD6D602D252D2E000522F8 /* Sources */,
				2AAD6D612D252D2E000522F8 /* Frameworks */,
				2AAD6D622D252D2E000522F8 /* Resources */,
			);
			buildRules = (
			);
			dependencies = (
			);
			name = RThemeEngine;
			productName = RThemeEngine;
			productReference = 2AAD6D642D252D2E000522F8 /* RThemeEngine.framework */;
			productType = "com.apple.product-type.framework";
		};
		2AAD6D7D2D2530D5000522F8 /* RThemeEngineExample */ = {
			isa = PBXNativeTarget;
			buildConfigurationList = 2AAD6D892D2530D6000522F8 /* Build configuration list for PBXNativeTarget "RThemeEngineExample" */;
			buildPhases = (
				2AAD6D7A2D2530D5000522F8 /* Sources */,
				2AAD6D7B2D2530D5000522F8 /* Frameworks */,
				2AAD6D7C2D2530D5000522F8 /* Resources */,
				2A72219C2D33428C00D7B56E /* Embed Frameworks */,
			);
			buildRules = (
			);
			dependencies = (
				2A72219B2D33428C00D7B56E /* PBXTargetDependency */,
			);
			name = RThemeEngineExample;
			packageProductDependencies = (
			);
			productName = RThemeEngineExample;
			productReference = 2AAD6D7E2D2530D5000522F8 /* RThemeEngineExample.app */;
			productType = "com.apple.product-type.application";
		};
/* End PBXNativeTarget section */

/* Begin PBXProject section */
		2AAD6D5B2D252D2E000522F8 /* Project object */ = {
			isa = PBXProject;
			attributes = {
				BuildIndependentTargetsInParallel = 1;
				LastSwiftUpdateCheck = 1540;
				LastUpgradeCheck = 1540;
				TargetAttributes = {
					2AAD6D632D252D2E000522F8 = {
						CreatedOnToolsVersion = 15.4;
						LastSwiftMigration = 1540;
					};
					2AAD6D7D2D2530D5000522F8 = {
						CreatedOnToolsVersion = 15.4;
					};
				};
			};
			buildConfigurationList = 2AAD6D5E2D252D2E000522F8 /* Build configuration list for PBXProject "RThemeEngine" */;
			compatibilityVersion = "Xcode 14.0";
			developmentRegion = en;
			hasScannedForEncodings = 0;
			knownRegions = (
				en,
				Base,
			);
			mainGroup = 2AAD6D5A2D252D2E000522F8;
			packageReferences = (
			);
			productRefGroup = 2AAD6D652D252D2E000522F8 /* Products */;
			projectDirPath = "";
			projectRoot = "";
			targets = (
				2AAD6D632D252D2E000522F8 /* RThemeEngine */,
				2AAD6D7D2D2530D5000522F8 /* RThemeEngineExample */,
			);
		};
/* End PBXProject section */

/* Begin PBXResourcesBuildPhase section */
		2AAD6D622D252D2E000522F8 /* Resources */ = {
			isa = PBXResourcesBuildPhase;
			buildActionMask = 2147483647;
			files = (
				2A7221832D2535F100D7B56E /* Colors.xcassets in Resources */,
			);
			runOnlyForDeploymentPostprocessing = 0;
		};
		2AAD6D7C2D2530D5000522F8 /* Resources */ = {
			isa = PBXResourcesBuildPhase;
			buildActionMask = 2147483647;
			files = (
			);
			runOnlyForDeploymentPostprocessing = 0;
		};
/* End PBXResourcesBuildPhase section */

/* Begin PBXSourcesBuildPhase section */
		2AAD6D602D252D2E000522F8 /* Sources */ = {
			isa = PBXSourcesBuildPhase;
			buildActionMask = 2147483647;
			files = (
				2A72218B2D25382000D7B56E /* ThemeProtocol.swift in Sources */,
				2A7221892D25380100D7B56E /* MainTheme.swift in Sources */,
				2A7221862D25379300D7B56E /* ThemeManager.swift in Sources */,
				2A7221A12D33493E00D7B56E /* Bundle+Extension.swift in Sources */,
			);
			runOnlyForDeploymentPostprocessing = 0;
		};
		2AAD6D7A2D2530D5000522F8 /* Sources */ = {
			isa = PBXSourcesBuildPhase;
			buildActionMask = 2147483647;
			files = (
				2A72218D2D25454A00D7B56E /* ContentView.swift in Sources */,
				2A72218C2D25454800D7B56E /* RThemeEngineExampleApp.swift in Sources */,
			);
			runOnlyForDeploymentPostprocessing = 0;
		};
/* End PBXSourcesBuildPhase section */

/* Begin PBXTargetDependency section */
		2A72219B2D33428C00D7B56E /* PBXTargetDependency */ = {
			isa = PBXTargetDependency;
			target = 2AAD6D632D252D2E000522F8 /* RThemeEngine */;
			targetProxy = 2A72219A2D33428C00D7B56E /* PBXContainerItemProxy */;
		};
/* End PBXTargetDependency section */

/* Begin XCBuildConfiguration section */
		2AAD6D692D252D2E000522F8 /* Debug */ = {
			isa = XCBuildConfiguration;
			buildSettings = {
				ALWAYS_SEARCH_USER_PATHS = NO;
				ASSETCATALOG_COMPILER_GENERATE_SWIFT_ASSET_SYMBOL_EXTENSIONS = YES;
				CLANG_ANALYZER_NONNULL = YES;
				CLANG_ANALYZER_NUMBER_OBJECT_CONVERSION = YES_AGGRESSIVE;
				CLANG_CXX_LANGUAGE_STANDARD = "gnu++20";
				CLANG_ENABLE_MODULES = YES;
				CLANG_ENABLE_OBJC_ARC = YES;
				CLANG_ENABLE_OBJC_WEAK = YES;
				CLANG_WARN_BLOCK_CAPTURE_AUTORELEASING = YES;
				CLANG_WARN_BOOL_CONVERSION = YES;
				CLANG_WARN_COMMA = YES;
				CLANG_WARN_CONSTANT_CONVERSION = YES;
				CLANG_WARN_DEPRECATED_OBJC_IMPLEMENTATIONS = YES;
				CLANG_WARN_DIRECT_OBJC_ISA_USAGE = YES_ERROR;
				CLANG_WARN_DOCUMENTATION_COMMENTS = YES;
				CLANG_WARN_EMPTY_BODY = YES;
				CLANG_WARN_ENUM_CONVERSION = YES;
				CLANG_WARN_INFINITE_RECURSION = YES;
				CLANG_WARN_INT_CONVERSION = YES;
				CLANG_WARN_NON_LITERAL_NULL_CONVERSION = YES;
				CLANG_WARN_OBJC_IMPLICIT_RETAIN_SELF = YES;
				CLANG_WARN_OBJC_LITERAL_CONVERSION = YES;
				CLANG_WARN_OBJC_ROOT_CLASS = YES_ERROR;
				CLANG_WARN_QUOTED_INCLUDE_IN_FRAMEWORK_HEADER = YES;
				CLANG_WARN_RANGE_LOOP_ANALYSIS = YES;
				CLANG_WARN_STRICT_PROTOTYPES = YES;
				CLANG_WARN_SUSPICIOUS_MOVE = YES;
				CLANG_WARN_UNGUARDED_AVAILABILITY = YES_AGGRESSIVE;
				CLANG_WARN_UNREACHABLE_CODE = YES;
				CLANG_WARN__DUPLICATE_METHOD_MATCH = YES;
				COPY_PHASE_STRIP = NO;
				CURRENT_PROJECT_VERSION = 1;
				DEBUG_INFORMATION_FORMAT = dwarf;
				ENABLE_STRICT_OBJC_MSGSEND = YES;
				ENABLE_TESTABILITY = YES;
				ENABLE_USER_SCRIPT_SANDBOXING = YES;
				GCC_C_LANGUAGE_STANDARD = gnu17;
				GCC_DYNAMIC_NO_PIC = NO;
				GCC_NO_COMMON_BLOCKS = YES;
				GCC_OPTIMIZATION_LEVEL = 0;
				GCC_PREPROCESSOR_DEFINITIONS = (
					"DEBUG=1",
					"$(inherited)",
				);
				GCC_WARN_64_TO_32_BIT_CONVERSION = YES;
				GCC_WARN_ABOUT_RETURN_TYPE = YES_ERROR;
				GCC_WARN_UNDECLARED_SELECTOR = YES;
				GCC_WARN_UNINITIALIZED_AUTOS = YES_AGGRESSIVE;
				GCC_WARN_UNUSED_FUNCTION = YES;
				GCC_WARN_UNUSED_VARIABLE = YES;
				IPHONEOS_DEPLOYMENT_TARGET = 17.5;
				LOCALIZATION_PREFERS_STRING_CATALOGS = YES;
				MTL_ENABLE_DEBUG_INFO = INCLUDE_SOURCE;
				MTL_FAST_MATH = YES;
				ONLY_ACTIVE_ARCH = YES;
				SDKROOT = iphoneos;
				SWIFT_ACTIVE_COMPILATION_CONDITIONS = "DEBUG $(inherited)";
				SWIFT_OPTIMIZATION_LEVEL = "-Onone";
				VERSIONING_SYSTEM = "apple-generic";
				VERSION_INFO_PREFIX = "";
			};
			name = Debug;
		};
		2AAD6D6A2D252D2E000522F8 /* Release */ = {
			isa = XCBuildConfiguration;
			buildSettings = {
				ALWAYS_SEARCH_USER_PATHS = NO;
				ASSETCATALOG_COMPILER_GENERATE_SWIFT_ASSET_SYMBOL_EXTENSIONS = YES;
				CLANG_ANALYZER_NONNULL = YES;
				CLANG_ANALYZER_NUMBER_OBJECT_CONVERSION = YES_AGGRESSIVE;
				CLANG_CXX_LANGUAGE_STANDARD = "gnu++20";
				CLANG_ENABLE_MODULES = YES;
				CLANG_ENABLE_OBJC_ARC = YES;
				CLANG_ENABLE_OBJC_WEAK = YES;
				CLANG_WARN_BLOCK_CAPTURE_AUTORELEASING = YES;
				CLANG_WARN_BOOL_CONVERSION = YES;
				CLANG_WARN_COMMA = YES;
				CLANG_WARN_CONSTANT_CONVERSION = YES;
				CLANG_WARN_DEPRECATED_OBJC_IMPLEMENTATIONS = YES;
				CLANG_WARN_DIRECT_OBJC_ISA_USAGE = YES_ERROR;
				CLANG_WARN_DOCUMENTATION_COMMENTS = YES;
				CLANG_WARN_EMPTY_BODY = YES;
				CLANG_WARN_ENUM_CONVERSION = YES;
				CLANG_WARN_INFINITE_RECURSION = YES;
				CLANG_WARN_INT_CONVERSION = YES;
				CLANG_WARN_NON_LITERAL_NULL_CONVERSION = YES;
				CLANG_WARN_OBJC_IMPLICIT_RETAIN_SELF = YES;
				CLANG_WARN_OBJC_LITERAL_CONVERSION = YES;
				CLANG_WARN_OBJC_ROOT_CLASS = YES_ERROR;
				CLANG_WARN_QUOTED_INCLUDE_IN_FRAMEWORK_HEADER = YES;
				CLANG_WARN_RANGE_LOOP_ANALYSIS = YES;
				CLANG_WARN_STRICT_PROTOTYPES = YES;
				CLANG_WARN_SUSPICIOUS_MOVE = YES;
				CLANG_WARN_UNGUARDED_AVAILABILITY = YES_AGGRESSIVE;
				CLANG_WARN_UNREACHABLE_CODE = YES;
				CLANG_WARN__DUPLICATE_METHOD_MATCH = YES;
				COPY_PHASE_STRIP = NO;
				CURRENT_PROJECT_VERSION = 1;
				DEBUG_INFORMATION_FORMAT = "dwarf-with-dsym";
				ENABLE_NS_ASSERTIONS = NO;
				ENABLE_STRICT_OBJC_MSGSEND = YES;
				ENABLE_USER_SCRIPT_SANDBOXING = YES;
				GCC_C_LANGUAGE_STANDARD = gnu17;
				GCC_NO_COMMON_BLOCKS = YES;
				GCC_WARN_64_TO_32_BIT_CONVERSION = YES;
				GCC_WARN_ABOUT_RETURN_TYPE = YES_ERROR;
				GCC_WARN_UNDECLARED_SELECTOR = YES;
				GCC_WARN_UNINITIALIZED_AUTOS = YES_AGGRESSIVE;
				GCC_WARN_UNUSED_FUNCTION = YES;
				GCC_WARN_UNUSED_VARIABLE = YES;
				IPHONEOS_DEPLOYMENT_TARGET = 17.5;
				LOCALIZATION_PREFERS_STRING_CATALOGS = YES;
				MTL_ENABLE_DEBUG_INFO = NO;
				MTL_FAST_MATH = YES;
				SDKROOT = iphoneos;
				SWIFT_COMPILATION_MODE = wholemodule;
				VALIDATE_PRODUCT = YES;
				VERSIONING_SYSTEM = "apple-generic";
				VERSION_INFO_PREFIX = "";
			};
			name = Release;
		};
		2AAD6D6C2D252D2E000522F8 /* Debug */ = {
			isa = XCBuildConfiguration;
			buildSettings = {
				BUILD_LIBRARY_FOR_DISTRIBUTION = YES;
				CLANG_ENABLE_MODULES = YES;
				CODE_SIGN_STYLE = Automatic;
				CURRENT_PROJECT_VERSION = 1;
				DEVELOPMENT_TEAM = 83RMW7CPM5;
				DYLIB_COMPATIBILITY_VERSION = 1;
				DYLIB_CURRENT_VERSION = 1;
				DYLIB_INSTALL_NAME_BASE = "@rpath";
				ENABLE_MODULE_VERIFIER = YES;
				GENERATE_INFOPLIST_FILE = YES;
				INFOPLIST_KEY_NSHumanReadableCopyright = "";
				INSTALL_PATH = "$(LOCAL_LIBRARY_DIR)/Frameworks";
				LD_RUNPATH_SEARCH_PATHS = (
					"$(inherited)",
					"@executable_path/Frameworks",
					"@loader_path/Frameworks",
				);
				MARKETING_VERSION = 1.0;
				MODULE_VERIFIER_SUPPORTED_LANGUAGES = "objective-c objective-c++";
				MODULE_VERIFIER_SUPPORTED_LANGUAGE_STANDARDS = "gnu17 gnu++20";
				PRODUCT_BUNDLE_IDENTIFIER = leerachel5.ios.frameworks.RThemeEngine;
				PRODUCT_NAME = "$(TARGET_NAME:c99extidentifier)";
				SKIP_INSTALL = YES;
				SWIFT_EMIT_LOC_STRINGS = YES;
				SWIFT_INSTALL_OBJC_HEADER = NO;
				SWIFT_OPTIMIZATION_LEVEL = "-Onone";
				SWIFT_VERSION = 5.0;
				TARGETED_DEVICE_FAMILY = "1,2";
			};
			name = Debug;
		};
		2AAD6D6D2D252D2E000522F8 /* Release */ = {
			isa = XCBuildConfiguration;
			buildSettings = {
				BUILD_LIBRARY_FOR_DISTRIBUTION = YES;
				CLANG_ENABLE_MODULES = YES;
				CODE_SIGN_STYLE = Automatic;
				CURRENT_PROJECT_VERSION = 1;
				DEVELOPMENT_TEAM = 83RMW7CPM5;
				DYLIB_COMPATIBILITY_VERSION = 1;
				DYLIB_CURRENT_VERSION = 1;
				DYLIB_INSTALL_NAME_BASE = "@rpath";
				ENABLE_MODULE_VERIFIER = YES;
				GENERATE_INFOPLIST_FILE = YES;
				INFOPLIST_KEY_NSHumanReadableCopyright = "";
				INSTALL_PATH = "$(LOCAL_LIBRARY_DIR)/Frameworks";
				LD_RUNPATH_SEARCH_PATHS = (
					"$(inherited)",
					"@executable_path/Frameworks",
					"@loader_path/Frameworks",
				);
				MARKETING_VERSION = 1.0;
				MODULE_VERIFIER_SUPPORTED_LANGUAGES = "objective-c objective-c++";
				MODULE_VERIFIER_SUPPORTED_LANGUAGE_STANDARDS = "gnu17 gnu++20";
				PRODUCT_BUNDLE_IDENTIFIER = leerachel5.ios.frameworks.RThemeEngine;
				PRODUCT_NAME = "$(TARGET_NAME:c99extidentifier)";
				SKIP_INSTALL = YES;
				SWIFT_EMIT_LOC_STRINGS = YES;
				SWIFT_INSTALL_OBJC_HEADER = NO;
				SWIFT_VERSION = 5.0;
				TARGETED_DEVICE_FAMILY = "1,2";
			};
			name = Release;
		};
		2AAD6D8A2D2530D6000522F8 /* Debug */ = {
			isa = XCBuildConfiguration;
			buildSettings = {
				ASSETCATALOG_COMPILER_APPICON_NAME = AppIcon;
				ASSETCATALOG_COMPILER_GLOBAL_ACCENT_COLOR_NAME = AccentColor;
				CODE_SIGN_STYLE = Automatic;
				CURRENT_PROJECT_VERSION = 1;
				DEVELOPMENT_ASSET_PATHS = "";
				DEVELOPMENT_TEAM = 83RMW7CPM5;
				ENABLE_PREVIEWS = YES;
				GENERATE_INFOPLIST_FILE = YES;
				INFOPLIST_KEY_UIApplicationSceneManifest_Generation = YES;
				INFOPLIST_KEY_UIApplicationSupportsIndirectInputEvents = YES;
				INFOPLIST_KEY_UILaunchScreen_Generation = YES;
				INFOPLIST_KEY_UISupportedInterfaceOrientations_iPad = "UIInterfaceOrientationPortrait UIInterfaceOrientationPortraitUpsideDown UIInterfaceOrientationLandscapeLeft UIInterfaceOrientationLandscapeRight";
				INFOPLIST_KEY_UISupportedInterfaceOrientations_iPhone = "UIInterfaceOrientationPortrait UIInterfaceOrientationLandscapeLeft UIInterfaceOrientationLandscapeRight";
				LD_RUNPATH_SEARCH_PATHS = (
					"$(inherited)",
					"@executable_path/Frameworks",
				);
				MARKETING_VERSION = 1.0;
				PRODUCT_BUNDLE_IDENTIFIER = leerachel5.ios.frameworks.RThemeEngineExample;
				PRODUCT_NAME = "$(TARGET_NAME)";
				SWIFT_EMIT_LOC_STRINGS = YES;
				SWIFT_VERSION = 5.0;
				TARGETED_DEVICE_FAMILY = "1,2";
			};
			name = Debug;
		};
		2AAD6D8B2D2530D6000522F8 /* Release */ = {
			isa = XCBuildConfiguration;
			buildSettings = {
				ASSETCATALOG_COMPILER_APPICON_NAME = AppIcon;
				ASSETCATALOG_COMPILER_GLOBAL_ACCENT_COLOR_NAME = AccentColor;
				CODE_SIGN_STYLE = Automatic;
				CURRENT_PROJECT_VERSION = 1;
				DEVELOPMENT_ASSET_PATHS = "";
				DEVELOPMENT_TEAM = 83RMW7CPM5;
				ENABLE_PREVIEWS = YES;
				GENERATE_INFOPLIST_FILE = YES;
				INFOPLIST_KEY_UIApplicationSceneManifest_Generation = YES;
				INFOPLIST_KEY_UIApplicationSupportsIndirectInputEvents = YES;
				INFOPLIST_KEY_UILaunchScreen_Generation = YES;
				INFOPLIST_KEY_UISupportedInterfaceOrientations_iPad = "UIInterfaceOrientationPortrait UIInterfaceOrientationPortraitUpsideDown UIInterfaceOrientationLandscapeLeft UIInterfaceOrientationLandscapeRight";
				INFOPLIST_KEY_UISupportedInterfaceOrientations_iPhone = "UIInterfaceOrientationPortrait UIInterfaceOrientationLandscapeLeft UIInterfaceOrientationLandscapeRight";
				LD_RUNPATH_SEARCH_PATHS = (
					"$(inherited)",
					"@executable_path/Frameworks",
				);
				MARKETING_VERSION = 1.0;
				PRODUCT_BUNDLE_IDENTIFIER = leerachel5.ios.frameworks.RThemeEngineExample;
				PRODUCT_NAME = "$(TARGET_NAME)";
				SWIFT_EMIT_LOC_STRINGS = YES;
				SWIFT_VERSION = 5.0;
				TARGETED_DEVICE_FAMILY = "1,2";
			};
			name = Release;
		};
/* End XCBuildConfiguration section */

/* Begin XCConfigurationList section */
		2AAD6D5E2D252D2E000522F8 /* Build configuration list for PBXProject "RThemeEngine" */ = {
			isa = XCConfigurationList;
			buildConfigurations = (
				2AAD6D692D252D2E000522F8 /* Debug */,
				2AAD6D6A2D252D2E000522F8 /* Release */,
			);
			defaultConfigurationIsVisible = 0;
			defaultConfigurationName = Release;
		};
		2AAD6D6B2D252D2E000522F8 /* Build configuration list for PBXNativeTarget "RThemeEngine" */ = {
			isa = XCConfigurationList;
			buildConfigurations = (
				2AAD6D6C2D252D2E000522F8 /* Debug */,
				2AAD6D6D2D252D2E000522F8 /* Release */,
			);
			defaultConfigurationIsVisible = 0;
			defaultConfigurationName = Release;
		};
		2AAD6D892D2530D6000522F8 /* Build configuration list for PBXNativeTarget "RThemeEngineExample" */ = {
			isa = XCConfigurationList;
			buildConfigurations = (
				2AAD6D8A2D2530D6000522F8 /* Debug */,
				2AAD6D8B2D2530D6000522F8 /* Release */,
			);
			defaultConfigurationIsVisible = 0;
			defaultConfigurationName = Release;
		};
/* End XCConfigurationList section */
	};
	rootObject = 2AAD6D5B2D252D2E000522F8 /* Project object */;
}
